<?xml version="1.0" encoding="utf-8"?>
<Project ToolsVersion="4.0" xmlns="http://schemas.microsoft.com/developer/msbuild/2003">
  <ItemGroup>
    <Filter Include="源文件">
      <UniqueIdentifier>{4FC737F1-C7A5-4376-A066-2A32D752A2FF}</UniqueIdentifier>
      <Extensions>cpp;c;cc;cxx;def;odl;idl;hpj;bat;asm;asmx</Extensions>
    </Filter>
    <Filter Include="头文件">
      <UniqueIdentifier>{93995380-89BD-4b04-88EB-625FBE52EBFB}</UniqueIdentifier>
      <Extensions>h;hh;hpp;hxx;hm;inl;inc;xsd</Extensions>
    </Filter>
    <Filter Include="资源文件">
      <UniqueIdentifier>{67DA6AB6-F800-4c08-8B7A-83BB121AAD01}</UniqueIdentifier>
      <Extensions>rc;ico;cur;bmp;dlg;rc2;rct;bin;rgs;gif;jpg;jpeg;jpe;resx;tiff;tif;png;wav;mfcribbon-ms</Extensions>
    </Filter>
  </ItemGroup>
  <ItemGroup>
    <ClInclude Include="kernel\impl\store\format\standard\LabelTokenRecordFormat.h">
      <Filter>头文件</Filter>
    </ClInclude>
    <ClInclude Include="kernel\impl\store\format\standard\NodeRecordFormat.h">
      <Filter>头文件</Filter>
    </ClInclude>
    <ClInclude Include="kernel\impl\store\format\standard\RelationshipRecordFormat.h">
      <Filter>头文件</Filter>
    </ClInclude>
    <ClInclude Include="kernel\impl\store\format\standard\RelationshipTypeTokenRecordFormat.h">
      <Filter>头文件</Filter>
    </ClInclude>
    <ClInclude Include="kernel\impl\store\format\standard\TokenRecordFormat.h">
      <Filter>头文件</Filter>
    </ClInclude>
    <ClInclude Include="kernel\impl\store\format\BaseOneByteHeaderRecordFormat.h">
      <Filter>头文件</Filter>
    </ClInclude>
    <ClInclude Include="kernel\impl\store\format\BaseRecordFormat.h">
      <Filter>头文件</Filter>
    </ClInclude>
    <ClInclude Include="kernel\impl\store\format\RecordFormat.h">
      <Filter>头文件</Filter>
    </ClInclude>
    <ClInclude Include="kernel\impl\store\id\FreeIdKeeper.h">
      <Filter>头文件</Filter>
    </ClInclude>
    <ClInclude Include="kernel\impl\store\id\IdContainer.h">
      <Filter>头文件</Filter>
    </ClInclude>
    <ClInclude Include="kernel\impl\store\id\IdGenerator.h">
      <Filter>头文件</Filter>
    </ClInclude>
    <ClInclude Include="kernel\impl\store\id\IdGeneratorFactory.h">
      <Filter>头文件</Filter>
    </ClInclude>
    <ClInclude Include="kernel\impl\store\id\IdGeneratorImpl.h">
      <Filter>头文件</Filter>
    </ClInclude>
    <ClInclude Include="kernel\impl\store\id\IdType.h">
      <Filter>头文件</Filter>
    </ClInclude>
    <ClInclude Include="kernel\impl\store\record\AbstractBaseRecord.h">
      <Filter>头文件</Filter>
    </ClInclude>
    <ClInclude Include="kernel\impl\store\record\DynamicRecord.h">
      <Filter>头文件</Filter>
    </ClInclude>
    <ClInclude Include="kernel\impl\store\record\LabelTokenRecord.h">
      <Filter>头文件</Filter>
    </ClInclude>
    <ClInclude Include="kernel\impl\store\record\NeoStoreRecord.h">
      <Filter>头文件</Filter>
    </ClInclude>
    <ClInclude Include="kernel\impl\store\record\NodeRecord.h">
      <Filter>头文件</Filter>
    </ClInclude>
    <ClInclude Include="kernel\impl\store\record\PrimitiveRecord.h">
      <Filter>头文件</Filter>
    </ClInclude>
    <ClInclude Include="kernel\impl\store\record\Record.h">
      <Filter>头文件</Filter>
    </ClInclude>
    <ClInclude Include="kernel\impl\store\record\RelationshipRecord.h">
      <Filter>头文件</Filter>
    </ClInclude>
    <ClInclude Include="kernel\impl\store\record\RelationshipTypeTokenRecord.h">
      <Filter>头文件</Filter>
    </ClInclude>
    <ClInclude Include="kernel\impl\store\record\TokenRecord.h">
      <Filter>头文件</Filter>
    </ClInclude>
    <ClInclude Include="kernel\impl\store\AbstractDynamicStore.h">
      <Filter>头文件</Filter>
    </ClInclude>
    <ClInclude Include="kernel\impl\store\CommonAbstractStore.h">
      <Filter>头文件</Filter>
    </ClInclude>
    <ClInclude Include="kernel\impl\store\LabelTokenStore.h">
      <Filter>头文件</Filter>
    </ClInclude>
    <ClInclude Include="kernel\impl\store\NeoStores.h">
      <Filter>头文件</Filter>
    </ClInclude>
    <ClInclude Include="kernel\impl\store\NodeStore.h">
      <Filter>头文件</Filter>
    </ClInclude>
    <ClInclude Include="kernel\impl\store\PropertyStore.h">
      <Filter>头文件</Filter>
    </ClInclude>
    <ClInclude Include="kernel\impl\store\RecordCursor.h">
      <Filter>头文件</Filter>
    </ClInclude>
    <ClInclude Include="kernel\impl\store\RecordStore.h">
      <Filter>头文件</Filter>
    </ClInclude>
    <ClInclude Include="kernel\impl\store\RelationshipStore.h">
      <Filter>头文件</Filter>
    </ClInclude>
    <ClInclude Include="kernel\impl\store\RelationshipTypeTokenStore.h">
      <Filter>头文件</Filter>
    </ClInclude>
    <ClInclude Include="kernel\impl\store\StoreFactory.h">
      <Filter>头文件</Filter>
    </ClInclude>
    <ClInclude Include="kernel\impl\store\StoreFile.h">
      <Filter>头文件</Filter>
    </ClInclude>
    <ClInclude Include="kernel\impl\store\StoreRecordCursor.h">
      <Filter>头文件</Filter>
    </ClInclude>
    <ClInclude Include="kernel\impl\store\StoreType.h">
      <Filter>头文件</Filter>
    </ClInclude>
    <ClInclude Include="kernel\impl\store\TokenStore.h">
      <Filter>头文件</Filter>
    </ClInclude>
    <ClInclude Include="storageengine\api\Direction.h">
      <Filter>头文件</Filter>
    </ClInclude>
    <ClInclude Include="storageengine\api\StorageCommand.h">
      <Filter>头文件</Filter>
    </ClInclude>
    <ClInclude Include="storageengine\api\StorageEngine.h">
      <Filter>头文件</Filter>
    </ClInclude>
    <ClInclude Include="storageengine\api\StorageStatement.h">
      <Filter>头文件</Filter>
    </ClInclude>
    <ClInclude Include="storageengine\api\StoreReadLayer.h">
      <Filter>头文件</Filter>
    </ClInclude>
    <ClInclude Include="storageengine\api\Token.h">
      <Filter>头文件</Filter>
    </ClInclude>
    <ClInclude Include="storageengine\api\WritableChannel.h">
      <Filter>头文件</Filter>
    </ClInclude>
    <ClInclude Include="storageengine\api\txstate\DiffSetsVisitor.h">
      <Filter>头文件</Filter>
    </ClInclude>
    <ClInclude Include="storageengine\api\txstate\TxStateVisitor.h">
      <Filter>头文件</Filter>
    </ClInclude>
    <ClInclude Include="kernel\api\txstate\TransactionState.h">
      <Filter>头文件</Filter>
    </ClInclude>
    <ClInclude Include="kernel\api\txstate\TxStateHolder.h">
      <Filter>头文件</Filter>
    </ClInclude>
    <ClInclude Include="kernel\api\DataWriteOperations.h">
      <Filter>头文件</Filter>
    </ClInclude>
    <ClInclude Include="kernel\api\KernelTransaction.h">
      <Filter>头文件</Filter>
    </ClInclude>
    <ClInclude Include="kernel\api\ReadOperations.h">
      <Filter>头文件</Filter>
    </ClInclude>
    <ClInclude Include="kernel\api\Statement.h">
      <Filter>头文件</Filter>
    </ClInclude>
    <ClInclude Include="kernel\api\TokenWriteOperations.h">
      <Filter>头文件</Filter>
    </ClInclude>
    <ClInclude Include="kernel\impl\core\TokenHolder.h">
      <Filter>头文件</Filter>
    </ClInclude>
    <ClInclude Include="kernel\impl\core\EmbeddedProxySPI.h">
      <Filter>头文件</Filter>
    </ClInclude>
    <ClInclude Include="kernel\impl\core\LabelTokenHolder.h">
      <Filter>头文件</Filter>
    </ClInclude>
    <ClInclude Include="kernel\impl\core\NodeProxy.h">
      <Filter>头文件</Filter>
    </ClInclude>
    <ClInclude Include="kernel\impl\core\RelationshipProxy.h">
      <Filter>头文件</Filter>
    </ClInclude>
    <ClInclude Include="kernel\impl\core\RelationshipTypeToken.h">
      <Filter>头文件</Filter>
    </ClInclude>
    <ClInclude Include="kernel\impl\core\RelationshipTypeTokenHolder.h">
      <Filter>头文件</Filter>
    </ClInclude>
    <ClInclude Include="kernel\impl\core\ThreadToStatementContextBridge.h">
      <Filter>头文件</Filter>
    </ClInclude>
    <ClInclude Include="kernel\impl\core\TokenCreator.h">
      <Filter>头文件</Filter>
    </ClInclude>
    <ClInclude Include="kernel\impl\factory\GraphDatabaseFacadeFactory.h">
      <Filter>头文件</Filter>
    </ClInclude>
    <ClInclude Include="kernel\impl\factory\GraphDatabaseFacade.h">
      <Filter>头文件</Filter>
    </ClInclude>
    <ClInclude Include="kernel\impl\newapi\AllStoreHolder.h">
      <Filter>头文件</Filter>
    </ClInclude>
    <ClInclude Include="kernel\impl\newapi\KernelToken.h">
      <Filter>头文件</Filter>
    </ClInclude>
    <ClInclude Include="kernel\impl\newapi\NodeCursor.h">
      <Filter>头文件</Filter>
    </ClInclude>
    <ClInclude Include="kernel\impl\newapi\Operations.h">
      <Filter>头文件</Filter>
    </ClInclude>
    <ClInclude Include="kernel\impl\newapi\Read.h">
      <Filter>头文件</Filter>
    </ClInclude>
    <ClInclude Include="kernel\impl\newapi\RelationshipCursor.h">
      <Filter>头文件</Filter>
    </ClInclude>
    <ClInclude Include="kernel\impl\newapi\RelationshipDirection.h">
      <Filter>头文件</Filter>
    </ClInclude>
    <ClInclude Include="kernel\impl\storageengine\impl\recordstorage\RecordStorageCommandCreationContext.h">
      <Filter>头文件</Filter>
    </ClInclude>
    <ClInclude Include="kernel\impl\storageengine\impl\recordstorage\RecordStorageEngine.h">
      <Filter>头文件</Filter>
    </ClInclude>
    <ClInclude Include="kernel\impl\storageengine\impl\recordstorage\StoreStatement.h">
      <Filter>头文件</Filter>
    </ClInclude>
    <ClInclude Include="kernel\impl\storageengine\impl\recordstorage\TransactionToRecordStateVisitor.h">
      <Filter>头文件</Filter>
    </ClInclude>
    <ClInclude Include="graphdb-api\DynamicLabel.h">
      <Filter>头文件</Filter>
    </ClInclude>
    <ClInclude Include="graphdb-api\DynamicRelationshipType.h">
      <Filter>头文件</Filter>
    </ClInclude>
    <ClInclude Include="graphdb-api\Entity.h">
      <Filter>头文件</Filter>
    </ClInclude>
    <ClInclude Include="graphdb-api\Label.h">
      <Filter>头文件</Filter>
    </ClInclude>
    <ClInclude Include="graphdb-api\Lock.h">
      <Filter>头文件</Filter>
    </ClInclude>
    <ClInclude Include="graphdb-api\Node.h">
      <Filter>头文件</Filter>
    </ClInclude>
    <ClInclude Include="graphdb-api\RelationshipType.h">
      <Filter>头文件</Filter>
    </ClInclude>
    <ClInclude Include="graphdb-api\Transaction.h">
      <Filter>头文件</Filter>
    </ClInclude>
    <ClInclude Include="graphdb-api\Relationship.h">
      <Filter>头文件</Filter>
    </ClInclude>
  </ItemGroup>
  <ItemGroup>
    <ClCompile Include="kernel\impl\store\format\standard\LabelTokenRecordFormat.cpp">
      <Filter>源文件</Filter>
    </ClCompile>
    <ClCompile Include="kernel\impl\store\format\standard\NodeRecordFormat.cpp">
      <Filter>源文件</Filter>
    </ClCompile>
    <ClCompile Include="kernel\impl\store\format\standard\RelationshipRecordFormat.cpp">
      <Filter>源文件</Filter>
    </ClCompile>
    <ClCompile Include="kernel\impl\store\format\standard\RelationshipTypeTokenRecordFormat.cpp">
      <Filter>源文件</Filter>
    </ClCompile>
    <ClCompile Include="kernel\impl\store\format\standard\TokenRecordFormat.cpp">
      <Filter>源文件</Filter>
    </ClCompile>
    <ClCompile Include="kernel\impl\store\format\BaseOneByteHeaderRecordFormat.cpp">
      <Filter>源文件</Filter>
    </ClCompile>
    <ClCompile Include="kernel\impl\store\format\BaseRecordFormat.cpp">
      <Filter>源文件</Filter>
    </ClCompile>
    <ClCompile Include="kernel\impl\store\format\RecordFormat.cpp">
      <Filter>源文件</Filter>
    </ClCompile>
    <ClCompile Include="kernel\impl\store\id\FreeIdKeeper.cpp">
      <Filter>源文件</Filter>
    </ClCompile>
    <ClCompile Include="kernel\impl\store\id\IdContainer.cpp">
      <Filter>源文件</Filter>
    </ClCompile>
    <ClCompile Include="kernel\impl\store\id\IdGenerator.cpp">
      <Filter>源文件</Filter>
    </ClCompile>
    <ClCompile Include="kernel\impl\store\id\IdGeneratorFactory.cpp">
      <Filter>源文件</Filter>
    </ClCompile>
    <ClCompile Include="kernel\impl\store\id\IdGeneratorImpl.cpp">
      <Filter>源文件</Filter>
    </ClCompile>
    <ClCompile Include="kernel\impl\store\id\IdType.cpp">
      <Filter>源文件</Filter>
    </ClCompile>
    <ClCompile Include="kernel\impl\store\record\AbstractBaseRecord.cpp">
      <Filter>源文件</Filter>
    </ClCompile>
    <ClCompile Include="kernel\impl\store\record\DynamicRecord.cpp">
      <Filter>源文件</Filter>
    </ClCompile>
    <ClCompile Include="kernel\impl\store\record\LabelTokenRecord.cpp">
      <Filter>源文件</Filter>
    </ClCompile>
    <ClCompile Include="kernel\impl\store\record\NeoStoreRecord.cpp">
      <Filter>源文件</Filter>
    </ClCompile>
    <ClCompile Include="kernel\impl\store\record\NodeRecord.cpp">
      <Filter>源文件</Filter>
    </ClCompile>
    <ClCompile Include="kernel\impl\store\record\PrimitiveRecord.cpp">
      <Filter>源文件</Filter>
    </ClCompile>
    <ClCompile Include="kernel\impl\store\record\Record.cpp">
      <Filter>源文件</Filter>
    </ClCompile>
    <ClCompile Include="kernel\impl\store\record\RelationshipRecord.cpp">
      <Filter>源文件</Filter>
    </ClCompile>
    <ClCompile Include="kernel\impl\store\record\RelationshipTypeTokenRecord.cpp">
      <Filter>源文件</Filter>
    </ClCompile>
    <ClCompile Include="kernel\impl\store\record\TokenRecord.cpp">
      <Filter>源文件</Filter>
    </ClCompile>
    <ClCompile Include="kernel\impl\store\AbstractDynamicStore.cpp">
      <Filter>源文件</Filter>
    </ClCompile>
    <ClCompile Include="kernel\impl\store\CommonAbstractStore.cpp">
      <Filter>源文件</Filter>
    </ClCompile>
    <ClCompile Include="kernel\impl\store\LabelTokenStore.cpp">
      <Filter>源文件</Filter>
    </ClCompile>
    <ClCompile Include="kernel\impl\store\NeoStores.cpp">
      <Filter>源文件</Filter>
    </ClCompile>
    <ClCompile Include="kernel\impl\store\NodeStore.cpp">
      <Filter>源文件</Filter>
    </ClCompile>
    <ClCompile Include="kernel\impl\store\PropertyStore.cpp">
      <Filter>源文件</Filter>
    </ClCompile>
    <ClCompile Include="kernel\impl\store\RecordCursor.cpp">
      <Filter>源文件</Filter>
    </ClCompile>
    <ClCompile Include="kernel\impl\store\RecordStore.cpp">
      <Filter>源文件</Filter>
    </ClCompile>
    <ClCompile Include="kernel\impl\store\RelationshipStore.cpp">
      <Filter>源文件</Filter>
    </ClCompile>
    <ClCompile Include="kernel\impl\store\RelationshipTypeTokenStore.cpp">
      <Filter>源文件</Filter>
    </ClCompile>
    <ClCompile Include="kernel\impl\store\StoreFactory.cpp">
      <Filter>源文件</Filter>
    </ClCompile>
    <ClCompile Include="kernel\impl\store\StoreFile.cpp">
      <Filter>源文件</Filter>
    </ClCompile>
    <ClCompile Include="kernel\impl\store\StoreRecordCursor.cpp">
      <Filter>源文件</Filter>
    </ClCompile>
    <ClCompile Include="kernel\impl\store\StoreType.cpp">
      <Filter>源文件</Filter>
    </ClCompile>
    <ClCompile Include="kernel\impl\store\TokenStore.cpp">
      <Filter>源文件</Filter>
    </ClCompile>
    <ClCompile Include="storageengine\api\Direction.cpp">
      <Filter>源文件</Filter>
    </ClCompile>
    <ClCompile Include="storageengine\api\StorageCommand.cpp">
      <Filter>源文件</Filter>
    </ClCompile>
    <ClCompile Include="storageengine\api\StorageEngine.cpp">
      <Filter>源文件</Filter>
    </ClCompile>
    <ClCompile Include="storageengine\api\StorageStatement.cpp">
      <Filter>源文件</Filter>
    </ClCompile>
    <ClCompile Include="storageengine\api\StoreReadLayer.cpp">
      <Filter>源文件</Filter>
    </ClCompile>
    <ClCompile Include="storageengine\api\Token.cpp">
      <Filter>源文件</Filter>
    </ClCompile>
    <ClCompile Include="storageengine\api\WritableChannel.cpp">
      <Filter>源文件</Filter>
    </ClCompile>
    <ClCompile Include="storageengine\api\txstate\DiffSetsVisitor.cpp">
      <Filter>源文件</Filter>
    </ClCompile>
    <ClCompile Include="storageengine\api\txstate\TxStateVisitor.cpp">
      <Filter>源文件</Filter>
    </ClCompile>
    <ClCompile Include="kernel\api\txstate\TransactionState.cpp">
      <Filter>源文件</Filter>
    </ClCompile>
    <ClCompile Include="kernel\api\txstate\TxStateHolder.cpp">
      <Filter>源文件</Filter>
    </ClCompile>
    <ClCompile Include="kernel\api\DataWriteOperations.cpp">
      <Filter>源文件</Filter>
    </ClCompile>
    <ClCompile Include="kernel\api\KernelTransaction.cpp">
      <Filter>源文件</Filter>
    </ClCompile>
    <ClCompile Include="kernel\api\ReadOperations.cpp">
      <Filter>源文件</Filter>
    </ClCompile>
    <ClCompile Include="kernel\api\Statement.cpp">
      <Filter>源文件</Filter>
    </ClCompile>
    <ClCompile Include="kernel\api\TokenWriteOperations.cpp">
      <Filter>源文件</Filter>
    </ClCompile>
    <ClCompile Include="kernel\impl\core\EmbeddedProxySPI.cpp">
      <Filter>源文件</Filter>
    </ClCompile>
    <ClCompile Include="kernel\impl\core\LabelTokenHolder.cpp">
      <Filter>源文件</Filter>
    </ClCompile>
    <ClCompile Include="kernel\impl\core\NodeProxy.cpp">
      <Filter>源文件</Filter>
    </ClCompile>
    <ClCompile Include="kernel\impl\core\RelationshipProxy.cpp">
      <Filter>源文件</Filter>
    </ClCompile>
    <ClCompile Include="kernel\impl\core\RelationshipTypeToken.cpp">
      <Filter>源文件</Filter>
    </ClCompile>
    <ClCompile Include="kernel\impl\core\RelationshipTypeTokenHolder.cpp">
      <Filter>源文件</Filter>
    </ClCompile>
    <ClCompile Include="kernel\impl\core\ThreadToStatementContextBridge.cpp">
      <Filter>源文件</Filter>
    </ClCompile>
    <ClCompile Include="kernel\impl\core\TokenCreator.cpp">
      <Filter>源文件</Filter>
    </ClCompile>
    <ClCompile Include="kernel\impl\core\TokenHolder.cpp">
      <Filter>源文件</Filter>
    </ClCompile>
    <ClCompile Include="kernel\impl\factory\GraphDatabaseFacade.cpp">
      <Filter>源文件</Filter>
    </ClCompile>
    <ClCompile Include="kernel\impl\factory\GraphDatabaseFacadeFactory.cpp">
      <Filter>源文件</Filter>
    </ClCompile>
    <ClCompile Include="kernel\impl\newapi\AllStoreHolder.cpp">
      <Filter>源文件</Filter>
    </ClCompile>
    <ClCompile Include="kernel\impl\newapi\KernelToken.cpp">
      <Filter>源文件</Filter>
    </ClCompile>
    <ClCompile Include="kernel\impl\newapi\NodeCursor.cpp">
      <Filter>源文件</Filter>
    </ClCompile>
    <ClCompile Include="kernel\impl\newapi\Operations.cpp">
      <Filter>源文件</Filter>
    </ClCompile>
    <ClCompile Include="kernel\impl\newapi\Read.cpp">
      <Filter>源文件</Filter>
    </ClCompile>
    <ClCompile Include="kernel\impl\newapi\RelationshipCursor.cpp">
      <Filter>源文件</Filter>
    </ClCompile>
    <ClCompile Include="kernel\impl\newapi\RelationshipDirection.cpp">
      <Filter>源文件</Filter>
    </ClCompile>
    <ClCompile Include="kernel\impl\storageengine\impl\recordstorage\RecordStorageCommandCreationContext.cpp">
      <Filter>源文件</Filter>
    </ClCompile>
    <ClCompile Include="kernel\impl\storageengine\impl\recordstorage\RecordStorageEngine.cpp">
      <Filter>源文件</Filter>
    </ClCompile>
    <ClCompile Include="kernel\impl\storageengine\impl\recordstorage\StoreStatement.cpp">
      <Filter>源文件</Filter>
    </ClCompile>
    <ClCompile Include="kernel\impl\storageengine\impl\recordstorage\TransactionToRecordStateVisitor.cpp">
      <Filter>源文件</Filter>
    </ClCompile>
    <ClCompile Include="graphdb-api\DynamicLabel.cpp">
      <Filter>源文件</Filter>
    </ClCompile>
    <ClCompile Include="graphdb-api\DynamicRelationshipType.cpp">
      <Filter>源文件</Filter>
    </ClCompile>
    <ClCompile Include="graphdb-api\Label.cpp">
      <Filter>源文件</Filter>
    </ClCompile>
    <ClCompile Include="graphdb-api\Lock.cpp">
      <Filter>源文件</Filter>
    </ClCompile>
    <ClCompile Include="graphdb-api\RelationshipType.cpp">
      <Filter>源文件</Filter>
    </ClCompile>
    <ClCompile Include="graphdb-api\Transaction.cpp">
      <Filter>源文件</Filter>
    </ClCompile>
    <ClCompile Include="test\main.cpp">
      <Filter>源文件</Filter>
    </ClCompile>
  </ItemGroup>
</Project>